
Microsoft Visual Studio Solution File, Format Version 12.00
# Visual Studio Version 17
VisualStudioVersion = 17.0.31903.59
MinimumVisualStudioVersion = 10.0.40219.1
Project("{FAE04EC0-301F-11D3-BF4B-00C04F79EFBC}") = "Core", "Core\Core.csproj", "{18F15F16-186C-4CB9-B537-3DB4276FD071}"
EndProject
Project("{FAE04EC0-301F-11D3-BF4B-00C04F79EFBC}") = "Server", "Server\Server.csproj", "{403EC44E-2363-4D99-B364-B0A0E954240E}"
EndProject
Global
	GlobalSection(SolutionConfigurationPlatforms) = preSolution
		Debug|Any CPU = Debug|Any CPU
		Release|Any CPU = Release|Any CPU
	EndGlobalSection
	GlobalSection(SolutionProperties) = preSolution
		HideSolutionNode = FALSE
	EndGlobalSection
	GlobalSection(ProjectConfigurationPlatforms) = postSolution
		{18F15F16-186C-4CB9-B537-3DB4276FD071}.Debug|Any CPU.ActiveCfg = Debug|Any CPU
		{18F15F16-186C-4CB9-B537-3DB4276FD071}.Debug|Any CPU.Build.0 = Debug|Any CPU
		{18F15F16-186C-4CB9-B537-3DB4276FD071}.Release|Any CPU.ActiveCfg = Release|Any CPU
		{18F15F16-186C-4CB9-B537-3DB4276FD071}.Release|Any CPU.Build.0 = Release|Any CPU
		{3900E7A4-2FC8-4984-9D62-014ABC8B3C20}.Debug|Any CPU.ActiveCfg = Debug|Any CPU
		{3900E7A4-2FC8-4984-9D62-014ABC8B3C20}.Debug|Any CPU.Build.0 = Debug|Any CPU
		{3900E7A4-2FC8-4984-9D62-014ABC8B3C20}.Release|Any CPU.ActiveCfg = Release|Any CPU
		{3900E7A4-2FC8-4984-9D62-014ABC8B3C20}.Release|Any CPU.Build.0 = Release|Any CPU
		{403EC44E-2363-4D99-B364-B0A0E954240E}.Debug|Any CPU.ActiveCfg = Debug|Any CPU
		{403EC44E-2363-4D99-B364-B0A0E954240E}.Debug|Any CPU.Build.0 = Debug|Any CPU
		{403EC44E-2363-4D99-B364-B0A0E954240E}.Release|Any CPU.ActiveCfg = Release|Any CPU
		{403EC44E-2363-4D99-B364-B0A0E954240E}.Release|Any CPU.Build.0 = Release|Any CPU
	EndGlobalSection
EndGlobal
